{
  "name": "test-oracles",
  "version": "1.0.0",
  "lockfileVersion": 2,
  "requires": true,
  "packages": {
    "": {
      "name": "test-oracles",
      "version": "1.0.0",
      "license": "ISC",
      "dependencies": {
        "tl-rpc": "^1.0.3"
      }
    },
    "node_modules/tl-rpc": {
      "version": "1.0.3",
      "resolved": "https://registry.npmjs.org/tl-rpc/-/tl-rpc-1.0.3.tgz",
      "integrity": "sha512-ULp72oOms0wCBlyUyRYl2DI8oOOq1CETkpvekOSE9K3SFEDYTAAMoYRKYhVlpDFv5TphFPWXK78KeZb4Qao1ZA=="
    }
  },
  "dependencies": {
    "tl-rpc": {
      "version": "1.0.3",
      "resolved": "https://registry.npmjs.org/tl-rpc/-/tl-rpc-1.0.3.tgz",
      "integrity": "sha512-ULp72oOms0wCBlyUyRYl2DI8oOOq1CETkpvekOSE9K3SFEDYTAAMoYRKYhVlpDFv5TphFPWXK78KeZb4Qao1ZA=="
    }
  }
}
